
Microsoft Visual Studio Solution File, Format Version 12.00
# Visual Studio Version 16
VisualStudioVersion = 16.0.29709.97
MinimumVisualStudioVersion = 10.0.40219.1
Project("{FAE04EC0-301F-11D3-BF4B-00C04F79EFBC}") = "Colonize.Website", "Colonize.Website\Colonize.Website.csproj", "{737540A1-A702-43D6-949B-1464B02C6A3C}"
EndProject
Global
	GlobalSection(SolutionConfigurationPlatforms) = preSolution
		Debug|Any CPU = Debug|Any CPU
		Release|Any CPU = Release|Any CPU
	EndGlobalSection
	GlobalSection(ProjectConfigurationPlatforms) = postSolution
		{737540A1-A702-43D6-949B-1464B02C6A3C}.Debug|Any CPU.ActiveCfg = Debug|Any CPU
		{737540A1-A702-43D6-949B-1464B02C6A3C}.Debug|Any CPU.Build.0 = Debug|Any CPU
		{737540A1-A702-43D6-949B-1464B02C6A3C}.Release|Any CPU.ActiveCfg = Release|Any CPU
		{737540A1-A702-43D6-949B-1464B02C6A3C}.Release|Any CPU.Build.0 = Release|Any CPU
	EndGlobalSection
	GlobalSection(SolutionProperties) = preSolution
		HideSolutionNode = FALSE
	EndGlobalSection
	GlobalSection(ExtensibilityGlobals) = postSolution
		SolutionGuid = {2B724BDC-0002-4FB3-9C16-425781CB2651}
	EndGlobalSection
EndGlobal
